// !$*UTF8*$!
{
	archiveVersion = 1;
	classes = {
	};
	objectVersion = 46;
	objects = {

/* Begin PBXBuildFile section */
		F005EBBA1DD12CE20048857C /* KeychainWrapper.m in Sources */ = {isa = PBXBuildFile; fileRef = F005EBB91DD12CE20048857C /* KeychainWrapper.m */; };
		F005EBBC1DD159840048857C /* SideMenuController.swift in Sources */ = {isa = PBXBuildFile; fileRef = F005EBBB1DD159840048857C /* SideMenuController.swift */; };
		F005EBC01DD25A430048857C /* profile_icon  30x30.png in Resources */ = {isa = PBXBuildFile; fileRef = F005EBBF1DD25A430048857C /* profile_icon  30x30.png */; };
		F005EBC31DD28AEA0048857C /* MenuItem_TableViewCell.swift in Sources */ = {isa = PBXBuildFile; fileRef = F005EBC11DD28AEA0048857C /* MenuItem_TableViewCell.swift */; };
		F005EBC41DD28AEA0048857C /* MenuItem_TableViewCell.xib in Resources */ = {isa = PBXBuildFile; fileRef = F005EBC21DD28AEA0048857C /* MenuItem_TableViewCell.xib */; };
		F005EBC61DD2A31F0048857C /* invite_icon 30x30.png in Resources */ = {isa = PBXBuildFile; fileRef = F005EBC51DD2A31F0048857C /* invite_icon 30x30.png */; };
		F005EBC81DD2B83B0048857C /* InviteContact_ViewController.swift in Sources */ = {isa = PBXBuildFile; fileRef = F005EBC71DD2B83B0048857C /* InviteContact_ViewController.swift */; };
		F005EBCB1DD3C8810048857C /* Contact_TableViewCell.swift in Sources */ = {isa = PBXBuildFile; fileRef = F005EBC91DD3C8810048857C /* Contact_TableViewCell.swift */; };
		F005EBCC1DD3C8810048857C /* Contact_TableViewCell.xib in Resources */ = {isa = PBXBuildFile; fileRef = F005EBCA1DD3C8810048857C /* Contact_TableViewCell.xib */; };
		F005EBCE1DD406C60048857C /* MessageComposer.swift in Sources */ = {isa = PBXBuildFile; fileRef = F005EBCD1DD406C60048857C /* MessageComposer.swift */; };
		F0085DB61DD63AEE00338BC1 /* 100Favors_badge.png in Resources */ = {isa = PBXBuildFile; fileRef = F0085DB11DD63AEE00338BC1 /* 100Favors_badge.png */; };
		F0085DB71DD63AEE00338BC1 /* Consistent_badge.png in Resources */ = {isa = PBXBuildFile; fileRef = F0085DB21DD63AEE00338BC1 /* Consistent_badge.png */; };
		F0085DB81DD63AEE00338BC1 /* InviteAFriend_badge.png in Resources */ = {isa = PBXBuildFile; fileRef = F0085DB31DD63AEE00338BC1 /* InviteAFriend_badge.png */; };
		F0085DB91DD63AEE00338BC1 /* Level5_badge.png in Resources */ = {isa = PBXBuildFile; fileRef = F0085DB41DD63AEE00338BC1 /* Level5_badge.png */; };
		F0085DBA1DD63AEE00338BC1 /* ProPic_badge.png in Resources */ = {isa = PBXBuildFile; fileRef = F0085DB51DD63AEE00338BC1 /* ProPic_badge.png */; };
		F023EF6D1DC924AB008C8AE5 /* AppDelegate.swift in Sources */ = {isa = PBXBuildFile; fileRef = F023EF6C1DC924AB008C8AE5 /* AppDelegate.swift */; };
		F023EF6F1DC924AB008C8AE5 /* Main_ViewController.swift in Sources */ = {isa = PBXBuildFile; fileRef = F023EF6E1DC924AB008C8AE5 /* Main_ViewController.swift */; };
		F023EF721DC924AB008C8AE5 /* Main.storyboard in Resources */ = {isa = PBXBuildFile; fileRef = F023EF701DC924AB008C8AE5 /* Main.storyboard */; };
		F023EF751DC924AB008C8AE5 /* U_O_ME.xcdatamodeld in Sources */ = {isa = PBXBuildFile; fileRef = F023EF731DC924AB008C8AE5 /* U_O_ME.xcdatamodeld */; };
		F023EF771DC924AB008C8AE5 /* Assets.xcassets in Resources */ = {isa = PBXBuildFile; fileRef = F023EF761DC924AB008C8AE5 /* Assets.xcassets */; };
		F023EF7A1DC924AB008C8AE5 /* LaunchScreen.storyboard in Resources */ = {isa = PBXBuildFile; fileRef = F023EF781DC924AB008C8AE5 /* LaunchScreen.storyboard */; };
		F023EF851DC924AB008C8AE5 /* U_O_METests.swift in Sources */ = {isa = PBXBuildFile; fileRef = F023EF841DC924AB008C8AE5 /* U_O_METests.swift */; };
		F023EF901DC924AB008C8AE5 /* U_O_MEUITests.swift in Sources */ = {isa = PBXBuildFile; fileRef = F023EF8F1DC924AB008C8AE5 /* U_O_MEUITests.swift */; };
		F076516E1DCC22C2006B52E9 /* NavigationMenu_TableViewController.swift in Sources */ = {isa = PBXBuildFile; fileRef = F076516D1DCC22C2006B52E9 /* NavigationMenu_TableViewController.swift */; };
		F0AF6F3F1DCA3FFB0015FB3A /* SignUp_ViewController.swift in Sources */ = {isa = PBXBuildFile; fileRef = F0AF6F3E1DCA3FFB0015FB3A /* SignUp_ViewController.swift */; };
		F0AF6F411DCA50DF0015FB3A /* NewsFeed_ViewController.swift in Sources */ = {isa = PBXBuildFile; fileRef = F0AF6F401DCA50DF0015FB3A /* NewsFeed_ViewController.swift */; };
		F0DA712C1DCA5CDC007D1E62 /* Images.xcassets in Resources */ = {isa = PBXBuildFile; fileRef = F0DA712B1DCA5CDC007D1E62 /* Images.xcassets */; };
		F0DA71391DCA5EA9007D1E62 /* home_icon 30x30.png in Resources */ = {isa = PBXBuildFile; fileRef = F0DA71351DCA5EA9007D1E62 /* home_icon 30x30.png */; };
		F0DA713A1DCA5EA9007D1E62 /* news_icon 30x30.png in Resources */ = {isa = PBXBuildFile; fileRef = F0DA71361DCA5EA9007D1E62 /* news_icon 30x30.png */; };
		F0DA713B1DCA5EA9007D1E62 /* favor_icon 30x30.png in Resources */ = {isa = PBXBuildFile; fileRef = F0DA71371DCA5EA9007D1E62 /* favor_icon 30x30.png */; };
		F0DA713C1DCA5EA9007D1E62 /* profile_icon 30x30.png in Resources */ = {isa = PBXBuildFile; fileRef = F0DA71381DCA5EA9007D1E62 /* profile_icon 30x30.png */; };
		F0DA71401DCA62E7007D1E62 /* navigation_icon.png in Resources */ = {isa = PBXBuildFile; fileRef = F0DA713F1DCA62E7007D1E62 /* navigation_icon.png */; };
		F0DA71421DCA635B007D1E62 /* notification_icon.png in Resources */ = {isa = PBXBuildFile; fileRef = F0DA71411DCA635B007D1E62 /* notification_icon.png */; };
		F0DA71471DCA6456007D1E62 /* News_TableViewCell.swift in Sources */ = {isa = PBXBuildFile; fileRef = F0DA71451DCA6456007D1E62 /* News_TableViewCell.swift */; };
		F0DA71481DCA6456007D1E62 /* News_TableViewCell.xib in Resources */ = {isa = PBXBuildFile; fileRef = F0DA71461DCA6456007D1E62 /* News_TableViewCell.xib */; };
		F0DA714F1DCA902D007D1E62 /* Favor_TableViewCell.swift in Sources */ = {isa = PBXBuildFile; fileRef = F0DA714D1DCA902D007D1E62 /* Favor_TableViewCell.swift */; };
		F0DA71501DCA902D007D1E62 /* Favor_TableViewCell.xib in Resources */ = {isa = PBXBuildFile; fileRef = F0DA714E1DCA902D007D1E62 /* Favor_TableViewCell.xib */; };
		F0DA71521DCA9186007D1E62 /* FavorFeed_ViewController.swift in Sources */ = {isa = PBXBuildFile; fileRef = F0DA71511DCA9186007D1E62 /* FavorFeed_ViewController.swift */; };
		F0E5287A1DD555F300915DCE /* UserHistory_TableViewCell.swift in Sources */ = {isa = PBXBuildFile; fileRef = F0E528761DD555F300915DCE /* UserHistory_TableViewCell.swift */; };
		F0E5287B1DD555F300915DCE /* UserHistory_TableViewCell.xib in Resources */ = {isa = PBXBuildFile; fileRef = F0E528771DD555F300915DCE /* UserHistory_TableViewCell.xib */; };
		F0E5287D1DD555F300915DCE /* UserProfile_ViewController.swift in Sources */ = {isa = PBXBuildFile; fileRef = F0E528791DD555F300915DCE /* UserProfile_ViewController.swift */; };
		F0E528871DD556C000915DCE /* Favor.swift in Sources */ = {isa = PBXBuildFile; fileRef = F0E528851DD556C000915DCE /* Favor.swift */; };
		F0E528881DD556C000915DCE /* User.swift in Sources */ = {isa = PBXBuildFile; fileRef = F0E528861DD556C000915DCE /* User.swift */; };
		F0E5288A1DD559D400915DCE /* RequestFavor_ViewController.swift in Sources */ = {isa = PBXBuildFile; fileRef = F0E528891DD559D400915DCE /* RequestFavor_ViewController.swift */; };
		F0E5288C1DD57E4300915DCE /* Badges_ViewController.swift in Sources */ = {isa = PBXBuildFile; fileRef = F0E5288B1DD57E4300915DCE /* Badges_ViewController.swift */; };
		F0E528911DD57F1A00915DCE /* Badge_CollectionViewCell.swift in Sources */ = {isa = PBXBuildFile; fileRef = F0E5288F1DD57F1A00915DCE /* Badge_CollectionViewCell.swift */; };
		F0E528921DD57F1A00915DCE /* Badge_CollectionViewCell.xib in Resources */ = {isa = PBXBuildFile; fileRef = F0E528901DD57F1A00915DCE /* Badge_CollectionViewCell.xib */; };
		F0E528971DD58F3000915DCE /* Badge.swift in Sources */ = {isa = PBXBuildFile; fileRef = F0E528961DD58F3000915DCE /* Badge.swift */; };
/* End PBXBuildFile section */

/* Begin PBXContainerItemProxy section */
		F023EF811DC924AB008C8AE5 /* PBXContainerItemProxy */ = {
			isa = PBXContainerItemProxy;
			containerPortal = F023EF611DC924AB008C8AE5 /* Project object */;
			proxyType = 1;
			remoteGlobalIDString = F023EF681DC924AB008C8AE5;
			remoteInfo = "U O ME";
		};
		F023EF8C1DC924AB008C8AE5 /* PBXContainerItemProxy */ = {
			isa = PBXContainerItemProxy;
			containerPortal = F023EF611DC924AB008C8AE5 /* Project object */;
			proxyType = 1;
			remoteGlobalIDString = F023EF681DC924AB008C8AE5;
			remoteInfo = "U O ME";
		};
/* End PBXContainerItemProxy section */

/* Begin PBXFileReference section */
		F005EBB71DD12CE10048857C /* U O ME-Bridging-Header.h */ = {isa = PBXFileReference; lastKnownFileType = sourcecode.c.h; path = "U O ME-Bridging-Header.h"; sourceTree = "<group>"; };
		F005EBB81DD12CE20048857C /* KeychainWrapper.h */ = {isa = PBXFileReference; fileEncoding = 4; lastKnownFileType = sourcecode.c.h; path = KeychainWrapper.h; sourceTree = "<group>"; };
		F005EBB91DD12CE20048857C /* KeychainWrapper.m */ = {isa = PBXFileReference; fileEncoding = 4; lastKnownFileType = sourcecode.c.objc; path = KeychainWrapper.m; sourceTree = "<group>"; };
		F005EBBB1DD159840048857C /* SideMenuController.swift */ = {isa = PBXFileReference; fileEncoding = 4; lastKnownFileType = sourcecode.swift; path = SideMenuController.swift; sourceTree = "<group>"; };
		F005EBBF1DD25A430048857C /* profile_icon  30x30.png */ = {isa = PBXFileReference; lastKnownFileType = image.png; path = "profile_icon  30x30.png"; sourceTree = "<group>"; };
		F005EBC11DD28AEA0048857C /* MenuItem_TableViewCell.swift */ = {isa = PBXFileReference; fileEncoding = 4; lastKnownFileType = sourcecode.swift; path = MenuItem_TableViewCell.swift; sourceTree = "<group>"; };
		F005EBC21DD28AEA0048857C /* MenuItem_TableViewCell.xib */ = {isa = PBXFileReference; fileEncoding = 4; lastKnownFileType = file.xib; path = MenuItem_TableViewCell.xib; sourceTree = "<group>"; };
		F005EBC51DD2A31F0048857C /* invite_icon 30x30.png */ = {isa = PBXFileReference; lastKnownFileType = image.png; path = "invite_icon 30x30.png"; sourceTree = "<group>"; };
		F005EBC71DD2B83B0048857C /* InviteContact_ViewController.swift */ = {isa = PBXFileReference; fileEncoding = 4; lastKnownFileType = sourcecode.swift; path = InviteContact_ViewController.swift; sourceTree = "<group>"; };
		F005EBC91DD3C8810048857C /* Contact_TableViewCell.swift */ = {isa = PBXFileReference; fileEncoding = 4; lastKnownFileType = sourcecode.swift; path = Contact_TableViewCell.swift; sourceTree = "<group>"; };
		F005EBCA1DD3C8810048857C /* Contact_TableViewCell.xib */ = {isa = PBXFileReference; fileEncoding = 4; lastKnownFileType = file.xib; path = Contact_TableViewCell.xib; sourceTree = "<group>"; };
		F005EBCD1DD406C60048857C /* MessageComposer.swift */ = {isa = PBXFileReference; fileEncoding = 4; lastKnownFileType = sourcecode.swift; path = MessageComposer.swift; sourceTree = "<group>"; };
		F0085DB11DD63AEE00338BC1 /* 100Favors_badge.png */ = {isa = PBXFileReference; lastKnownFileType = image.png; path = 100Favors_badge.png; sourceTree = "<group>"; };
		F0085DB21DD63AEE00338BC1 /* Consistent_badge.png */ = {isa = PBXFileReference; lastKnownFileType = image.png; path = Consistent_badge.png; sourceTree = "<group>"; };
		F0085DB31DD63AEE00338BC1 /* InviteAFriend_badge.png */ = {isa = PBXFileReference; lastKnownFileType = image.png; path = InviteAFriend_badge.png; sourceTree = "<group>"; };
		F0085DB41DD63AEE00338BC1 /* Level5_badge.png */ = {isa = PBXFileReference; lastKnownFileType = image.png; path = Level5_badge.png; sourceTree = "<group>"; };
		F0085DB51DD63AEE00338BC1 /* ProPic_badge.png */ = {isa = PBXFileReference; lastKnownFileType = image.png; path = ProPic_badge.png; sourceTree = "<group>"; };
		F023EF691DC924AB008C8AE5 /* U O ME.app */ = {isa = PBXFileReference; explicitFileType = wrapper.application; includeInIndex = 0; path = "U O ME.app"; sourceTree = BUILT_PRODUCTS_DIR; };
		F023EF6C1DC924AB008C8AE5 /* AppDelegate.swift */ = {isa = PBXFileReference; lastKnownFileType = sourcecode.swift; path = AppDelegate.swift; sourceTree = "<group>"; };
		F023EF6E1DC924AB008C8AE5 /* Main_ViewController.swift */ = {isa = PBXFileReference; lastKnownFileType = sourcecode.swift; path = Main_ViewController.swift; sourceTree = "<group>"; };
		F023EF711DC924AB008C8AE5 /* Base */ = {isa = PBXFileReference; lastKnownFileType = file.storyboard; name = Base; path = Base.lproj/Main.storyboard; sourceTree = "<group>"; };
		F023EF741DC924AB008C8AE5 /* U_O_ME.xcdatamodel */ = {isa = PBXFileReference; lastKnownFileType = wrapper.xcdatamodel; path = U_O_ME.xcdatamodel; sourceTree = "<group>"; };
		F023EF761DC924AB008C8AE5 /* Assets.xcassets */ = {isa = PBXFileReference; lastKnownFileType = folder.assetcatalog; path = Assets.xcassets; sourceTree = "<group>"; };
		F023EF791DC924AB008C8AE5 /* Base */ = {isa = PBXFileReference; lastKnownFileType = file.storyboard; name = Base; path = Base.lproj/LaunchScreen.storyboard; sourceTree = "<group>"; };
		F023EF7B1DC924AB008C8AE5 /* Info.plist */ = {isa = PBXFileReference; lastKnownFileType = text.plist.xml; path = Info.plist; sourceTree = "<group>"; };
		F023EF801DC924AB008C8AE5 /* U O METests.xctest */ = {isa = PBXFileReference; explicitFileType = wrapper.cfbundle; includeInIndex = 0; path = "U O METests.xctest"; sourceTree = BUILT_PRODUCTS_DIR; };
		F023EF841DC924AB008C8AE5 /* U_O_METests.swift */ = {isa = PBXFileReference; lastKnownFileType = sourcecode.swift; path = U_O_METests.swift; sourceTree = "<group>"; };
		F023EF861DC924AB008C8AE5 /* Info.plist */ = {isa = PBXFileReference; lastKnownFileType = text.plist.xml; path = Info.plist; sourceTree = "<group>"; };
		F023EF8B1DC924AB008C8AE5 /* U O MEUITests.xctest */ = {isa = PBXFileReference; explicitFileType = wrapper.cfbundle; includeInIndex = 0; path = "U O MEUITests.xctest"; sourceTree = BUILT_PRODUCTS_DIR; };
		F023EF8F1DC924AB008C8AE5 /* U_O_MEUITests.swift */ = {isa = PBXFileReference; lastKnownFileType = sourcecode.swift; path = U_O_MEUITests.swift; sourceTree = "<group>"; };
		F023EF911DC924AB008C8AE5 /* Info.plist */ = {isa = PBXFileReference; lastKnownFileType = text.plist.xml; path = Info.plist; sourceTree = "<group>"; };
		F076516D1DCC22C2006B52E9 /* NavigationMenu_TableViewController.swift */ = {isa = PBXFileReference; fileEncoding = 4; lastKnownFileType = sourcecode.swift; path = NavigationMenu_TableViewController.swift; sourceTree = "<group>"; };
		F0AF6F3E1DCA3FFB0015FB3A /* SignUp_ViewController.swift */ = {isa = PBXFileReference; fileEncoding = 4; lastKnownFileType = sourcecode.swift; path = SignUp_ViewController.swift; sourceTree = "<group>"; };
		F0AF6F401DCA50DF0015FB3A /* NewsFeed_ViewController.swift */ = {isa = PBXFileReference; fileEncoding = 4; lastKnownFileType = sourcecode.swift; path = NewsFeed_ViewController.swift; sourceTree = "<group>"; };
		F0DA712B1DCA5CDC007D1E62 /* Images.xcassets */ = {isa = PBXFileReference; lastKnownFileType = folder.assetcatalog; path = Images.xcassets; sourceTree = "<group>"; };
		F0DA71351DCA5EA9007D1E62 /* home_icon 30x30.png */ = {isa = PBXFileReference; lastKnownFileType = image.png; path = "home_icon 30x30.png"; sourceTree = "<group>"; };
		F0DA71361DCA5EA9007D1E62 /* news_icon 30x30.png */ = {isa = PBXFileReference; lastKnownFileType = image.png; path = "news_icon 30x30.png"; sourceTree = "<group>"; };
		F0DA71371DCA5EA9007D1E62 /* favor_icon 30x30.png */ = {isa = PBXFileReference; lastKnownFileType = image.png; path = "favor_icon 30x30.png"; sourceTree = "<group>"; };
		F0DA71381DCA5EA9007D1E62 /* profile_icon 30x30.png */ = {isa = PBXFileReference; lastKnownFileType = image.png; path = "profile_icon 30x30.png"; sourceTree = "<group>"; };
		F0DA713F1DCA62E7007D1E62 /* navigation_icon.png */ = {isa = PBXFileReference; lastKnownFileType = image.png; path = navigation_icon.png; sourceTree = "<group>"; };
		F0DA71411DCA635B007D1E62 /* notification_icon.png */ = {isa = PBXFileReference; lastKnownFileType = image.png; path = notification_icon.png; sourceTree = "<group>"; };
		F0DA71451DCA6456007D1E62 /* News_TableViewCell.swift */ = {isa = PBXFileReference; fileEncoding = 4; lastKnownFileType = sourcecode.swift; path = News_TableViewCell.swift; sourceTree = "<group>"; };
		F0DA71461DCA6456007D1E62 /* News_TableViewCell.xib */ = {isa = PBXFileReference; fileEncoding = 4; lastKnownFileType = file.xib; path = News_TableViewCell.xib; sourceTree = "<group>"; };
		F0DA714D1DCA902D007D1E62 /* Favor_TableViewCell.swift */ = {isa = PBXFileReference; fileEncoding = 4; lastKnownFileType = sourcecode.swift; path = Favor_TableViewCell.swift; sourceTree = "<group>"; };
		F0DA714E1DCA902D007D1E62 /* Favor_TableViewCell.xib */ = {isa = PBXFileReference; fileEncoding = 4; lastKnownFileType = file.xib; path = Favor_TableViewCell.xib; sourceTree = "<group>"; };
		F0DA71511DCA9186007D1E62 /* FavorFeed_ViewController.swift */ = {isa = PBXFileReference; fileEncoding = 4; lastKnownFileType = sourcecode.swift; path = FavorFeed_ViewController.swift; sourceTree = "<group>"; };
		F0E528751DD5073E00915DCE /* U O ME.entitlements */ = {isa = PBXFileReference; lastKnownFileType = text.plist.entitlements; path = "U O ME.entitlements"; sourceTree = "<group>"; };
		F0E528761DD555F300915DCE /* UserHistory_TableViewCell.swift */ = {isa = PBXFileReference; fileEncoding = 4; lastKnownFileType = sourcecode.swift; path = UserHistory_TableViewCell.swift; sourceTree = "<group>"; };
		F0E528771DD555F300915DCE /* UserHistory_TableViewCell.xib */ = {isa = PBXFileReference; fileEncoding = 4; lastKnownFileType = file.xib; path = UserHistory_TableViewCell.xib; sourceTree = "<group>"; };
		F0E528791DD555F300915DCE /* UserProfile_ViewController.swift */ = {isa = PBXFileReference; fileEncoding = 4; lastKnownFileType = sourcecode.swift; path = UserProfile_ViewController.swift; sourceTree = "<group>"; };
		F0E528851DD556C000915DCE /* Favor.swift */ = {isa = PBXFileReference; fileEncoding = 4; lastKnownFileType = sourcecode.swift; path = Favor.swift; sourceTree = "<group>"; };
		F0E528861DD556C000915DCE /* User.swift */ = {isa = PBXFileReference; fileEncoding = 4; lastKnownFileType = sourcecode.swift; path = User.swift; sourceTree = "<group>"; };
		F0E528891DD559D400915DCE /* RequestFavor_ViewController.swift */ = {isa = PBXFileReference; fileEncoding = 4; lastKnownFileType = sourcecode.swift; path = RequestFavor_ViewController.swift; sourceTree = "<group>"; };
		F0E5288B1DD57E4300915DCE /* Badges_ViewController.swift */ = {isa = PBXFileReference; fileEncoding = 4; lastKnownFileType = sourcecode.swift; path = Badges_ViewController.swift; sourceTree = "<group>"; };
		F0E5288F1DD57F1A00915DCE /* Badge_CollectionViewCell.swift */ = {isa = PBXFileReference; fileEncoding = 4; lastKnownFileType = sourcecode.swift; path = Badge_CollectionViewCell.swift; sourceTree = "<group>"; };
		F0E528901DD57F1A00915DCE /* Badge_CollectionViewCell.xib */ = {isa = PBXFileReference; fileEncoding = 4; lastKnownFileType = file.xib; path = Badge_CollectionViewCell.xib; sourceTree = "<group>"; };
		F0E528961DD58F3000915DCE /* Badge.swift */ = {isa = PBXFileReference; fileEncoding = 4; lastKnownFileType = sourcecode.swift; path = Badge.swift; sourceTree = "<group>"; };
/* End PBXFileReference section */

/* Begin PBXFrameworksBuildPhase section */
		F023EF661DC924AB008C8AE5 /* Frameworks */ = {
			isa = PBXFrameworksBuildPhase;
			buildActionMask = 2147483647;
			files = (
			);
			runOnlyForDeploymentPostprocessing = 0;
		};
		F023EF7D1DC924AB008C8AE5 /* Frameworks */ = {
			isa = PBXFrameworksBuildPhase;
			buildActionMask = 2147483647;
			files = (
			);
			runOnlyForDeploymentPostprocessing = 0;
		};
		F023EF881DC924AB008C8AE5 /* Frameworks */ = {
			isa = PBXFrameworksBuildPhase;
			buildActionMask = 2147483647;
			files = (
			);
			runOnlyForDeploymentPostprocessing = 0;
		};
/* End PBXFrameworksBuildPhase section */

/* Begin PBXGroup section */
		F005EBCF1DD407C80048857C /* Frameworks */ = {
			isa = PBXGroup;
			children = (
				F005EBCD1DD406C60048857C /* MessageComposer.swift */,
				F005EBB81DD12CE20048857C /* KeychainWrapper.h */,
				F005EBB91DD12CE20048857C /* KeychainWrapper.m */,
			);
			name = Frameworks;
			sourceTree = "<group>";
		};
		F023EF601DC924AB008C8AE5 = {
			isa = PBXGroup;
			children = (
				F023EF6B1DC924AB008C8AE5 /* U O ME */,
				F023EF831DC924AB008C8AE5 /* U O METests */,
				F023EF8E1DC924AB008C8AE5 /* U O MEUITests */,
				F023EF6A1DC924AB008C8AE5 /* Products */,
			);
			sourceTree = "<group>";
		};
		F023EF6A1DC924AB008C8AE5 /* Products */ = {
			isa = PBXGroup;
			children = (
				F023EF691DC924AB008C8AE5 /* U O ME.app */,
				F023EF801DC924AB008C8AE5 /* U O METests.xctest */,
				F023EF8B1DC924AB008C8AE5 /* U O MEUITests.xctest */,
			);
			name = Products;
			sourceTree = "<group>";
		};
		F023EF6B1DC924AB008C8AE5 /* U O ME */ = {
			isa = PBXGroup;
			children = (
				F0E528841DD5568E00915DCE /* Objects */,
				F0DA71441DCA6419007D1E62 /* TableView Cells */,
				F0DA71221DCA5269007D1E62 /* View Controllers */,
				F005EBCF1DD407C80048857C /* Frameworks */,
				F023EF6C1DC924AB008C8AE5 /* AppDelegate.swift */,
				F023EF9D1DC957D0008C8AE5 /* Images */,
				F023EF701DC924AB008C8AE5 /* Main.storyboard */,
				F023EF761DC924AB008C8AE5 /* Assets.xcassets */,
				F0DA712B1DCA5CDC007D1E62 /* Images.xcassets */,
				F023EF781DC924AB008C8AE5 /* LaunchScreen.storyboard */,
				F023EF7B1DC924AB008C8AE5 /* Info.plist */,
				F023EF731DC924AB008C8AE5 /* U_O_ME.xcdatamodeld */,
				F005EBB71DD12CE10048857C /* U O ME-Bridging-Header.h */,
				F0E528751DD5073E00915DCE /* U O ME.entitlements */,
			);
			path = "U O ME";
			sourceTree = "<group>";
		};
		F023EF831DC924AB008C8AE5 /* U O METests */ = {
			isa = PBXGroup;
			children = (
				F023EF841DC924AB008C8AE5 /* U_O_METests.swift */,
				F023EF861DC924AB008C8AE5 /* Info.plist */,
			);
			path = "U O METests";
			sourceTree = "<group>";
		};
		F023EF8E1DC924AB008C8AE5 /* U O MEUITests */ = {
			isa = PBXGroup;
			children = (
				F023EF8F1DC924AB008C8AE5 /* U_O_MEUITests.swift */,
				F023EF911DC924AB008C8AE5 /* Info.plist */,
			);
			path = "U O MEUITests";
			sourceTree = "<group>";
		};
		F023EF9D1DC957D0008C8AE5 /* Images */ = {
			isa = PBXGroup;
			children = (
				F0E528951DD58A5E00915DCE /* Badges */,
				F005EBC51DD2A31F0048857C /* invite_icon 30x30.png */,
				F005EBBF1DD25A430048857C /* profile_icon  30x30.png */,
				F0DA71411DCA635B007D1E62 /* notification_icon.png */,
				F0DA713F1DCA62E7007D1E62 /* navigation_icon.png */,
				F0DA71351DCA5EA9007D1E62 /* home_icon 30x30.png */,
				F0DA71361DCA5EA9007D1E62 /* news_icon 30x30.png */,
				F0DA71371DCA5EA9007D1E62 /* favor_icon 30x30.png */,
				F0DA71381DCA5EA9007D1E62 /* profile_icon 30x30.png */,
			);
			name = Images;
			sourceTree = "<group>";
		};
		F0DA71221DCA5269007D1E62 /* View Controllers */ = {
			isa = PBXGroup;
			children = (
				F023EF6E1DC924AB008C8AE5 /* Main_ViewController.swift */,
				F0AF6F3E1DCA3FFB0015FB3A /* SignUp_ViewController.swift */,
				F0AF6F401DCA50DF0015FB3A /* NewsFeed_ViewController.swift */,
				F0DA71511DCA9186007D1E62 /* FavorFeed_ViewController.swift */,
				F076516D1DCC22C2006B52E9 /* NavigationMenu_TableViewController.swift */,
				F005EBBB1DD159840048857C /* SideMenuController.swift */,
				F005EBC71DD2B83B0048857C /* InviteContact_ViewController.swift */,
				F0E528791DD555F300915DCE /* UserProfile_ViewController.swift */,
				F0E528891DD559D400915DCE /* RequestFavor_ViewController.swift */,
				F0E5288B1DD57E4300915DCE /* Badges_ViewController.swift */,
			);
			name = "View Controllers";
			sourceTree = "<group>";
		};
		F0DA71441DCA6419007D1E62 /* TableView Cells */ = {
			isa = PBXGroup;
			children = (
				F0E5287E1DD5560700915DCE /* News Feed */,
				F0E5287F1DD5561300915DCE /* Favor Feed */,
				F0E528801DD5561900915DCE /* Navigation Menu */,
				F0E528811DD5562400915DCE /* Contacts */,
				F0E528821DD5563300915DCE /* User History */,
				F0E5288F1DD57F1A00915DCE /* Badge_CollectionViewCell.swift */,
				F0E528901DD57F1A00915DCE /* Badge_CollectionViewCell.xib */,
			);
			name = "TableView Cells";
			sourceTree = "<group>";
		};
		F0E5287E1DD5560700915DCE /* News Feed */ = {
			isa = PBXGroup;
			children = (
				F0DA71451DCA6456007D1E62 /* News_TableViewCell.swift */,
				F0DA71461DCA6456007D1E62 /* News_TableViewCell.xib */,
			);
			name = "News Feed";
			sourceTree = "<group>";
		};
		F0E5287F1DD5561300915DCE /* Favor Feed */ = {
			isa = PBXGroup;
			children = (
				F0DA714D1DCA902D007D1E62 /* Favor_TableViewCell.swift */,
				F0DA714E1DCA902D007D1E62 /* Favor_TableViewCell.xib */,
			);
			name = "Favor Feed";
			sourceTree = "<group>";
		};
		F0E528801DD5561900915DCE /* Navigation Menu */ = {
			isa = PBXGroup;
			children = (
				F005EBC11DD28AEA0048857C /* MenuItem_TableViewCell.swift */,
				F005EBC21DD28AEA0048857C /* MenuItem_TableViewCell.xib */,
			);
			name = "Navigation Menu";
			sourceTree = "<group>";
		};
		F0E528811DD5562400915DCE /* Contacts */ = {
			isa = PBXGroup;
			children = (
				F005EBC91DD3C8810048857C /* Contact_TableViewCell.swift */,
				F005EBCA1DD3C8810048857C /* Contact_TableViewCell.xib */,
			);
			name = Contacts;
			sourceTree = "<group>";
		};
		F0E528821DD5563300915DCE /* User History */ = {
			isa = PBXGroup;
			children = (
				F0E528761DD555F300915DCE /* UserHistory_TableViewCell.swift */,
				F0E528771DD555F300915DCE /* UserHistory_TableViewCell.xib */,
			);
			name = "User History";
			sourceTree = "<group>";
		};
		F0E528841DD5568E00915DCE /* Objects */ = {
			isa = PBXGroup;
			children = (
				F0E528851DD556C000915DCE /* Favor.swift */,
				F0E528861DD556C000915DCE /* User.swift */,
				F0E528961DD58F3000915DCE /* Badge.swift */,
			);
			name = Objects;
			sourceTree = "<group>";
		};
		F0E528951DD58A5E00915DCE /* Badges */ = {
			isa = PBXGroup;
			children = (
				F0085DB11DD63AEE00338BC1 /* 100Favors_badge.png */,
				F0085DB21DD63AEE00338BC1 /* Consistent_badge.png */,
				F0085DB31DD63AEE00338BC1 /* InviteAFriend_badge.png */,
				F0085DB41DD63AEE00338BC1 /* Level5_badge.png */,
				F0085DB51DD63AEE00338BC1 /* ProPic_badge.png */,
			);
			name = Badges;
			sourceTree = "<group>";
		};
/* End PBXGroup section */

/* Begin PBXNativeTarget section */
		F023EF681DC924AB008C8AE5 /* U O ME */ = {
			isa = PBXNativeTarget;
			buildConfigurationList = F023EF941DC924AB008C8AE5 /* Build configuration list for PBXNativeTarget "U O ME" */;
			buildPhases = (
				F023EF651DC924AB008C8AE5 /* Sources */,
				F023EF661DC924AB008C8AE5 /* Frameworks */,
				F023EF671DC924AB008C8AE5 /* Resources */,
			);
			buildRules = (
			);
			dependencies = (
			);
			name = "U O ME";
			productName = "U O ME";
			productReference = F023EF691DC924AB008C8AE5 /* U O ME.app */;
			productType = "com.apple.product-type.application";
		};
		F023EF7F1DC924AB008C8AE5 /* U O METests */ = {
			isa = PBXNativeTarget;
			buildConfigurationList = F023EF971DC924AB008C8AE5 /* Build configuration list for PBXNativeTarget "U O METests" */;
			buildPhases = (
				F023EF7C1DC924AB008C8AE5 /* Sources */,
				F023EF7D1DC924AB008C8AE5 /* Frameworks */,
				F023EF7E1DC924AB008C8AE5 /* Resources */,
			);
			buildRules = (
			);
			dependencies = (
				F023EF821DC924AB008C8AE5 /* PBXTargetDependency */,
			);
			name = "U O METests";
			productName = "U O METests";
			productReference = F023EF801DC924AB008C8AE5 /* U O METests.xctest */;
			productType = "com.apple.product-type.bundle.unit-test";
		};
		F023EF8A1DC924AB008C8AE5 /* U O MEUITests */ = {
			isa = PBXNativeTarget;
			buildConfigurationList = F023EF9A1DC924AB008C8AE5 /* Build configuration list for PBXNativeTarget "U O MEUITests" */;
			buildPhases = (
				F023EF871DC924AB008C8AE5 /* Sources */,
				F023EF881DC924AB008C8AE5 /* Frameworks */,
				F023EF891DC924AB008C8AE5 /* Resources */,
			);
			buildRules = (
			);
			dependencies = (
				F023EF8D1DC924AB008C8AE5 /* PBXTargetDependency */,
			);
			name = "U O MEUITests";
			productName = "U O MEUITests";
			productReference = F023EF8B1DC924AB008C8AE5 /* U O MEUITests.xctest */;
			productType = "com.apple.product-type.bundle.ui-testing";
		};
/* End PBXNativeTarget section */

/* Begin PBXProject section */
		F023EF611DC924AB008C8AE5 /* Project object */ = {
			isa = PBXProject;
			attributes = {
				LastSwiftUpdateCheck = 0730;
				LastUpgradeCheck = 0730;
				ORGANIZATIONNAME = "Collin Walther, Rohit Saigal";
				TargetAttributes = {
					F023EF681DC924AB008C8AE5 = {
						CreatedOnToolsVersion = 7.3.1;
						DevelopmentTeam = BG9XZ5V7YM;
						LastSwiftMigration = 0810;
						SystemCapabilities = {
							com.apple.Keychain = {
								enabled = 1;
							};
						};
					};
					F023EF7F1DC924AB008C8AE5 = {
						CreatedOnToolsVersion = 7.3.1;
						LastSwiftMigration = 0810;
						TestTargetID = F023EF681DC924AB008C8AE5;
					};
					F023EF8A1DC924AB008C8AE5 = {
						CreatedOnToolsVersion = 7.3.1;
						LastSwiftMigration = 0810;
						TestTargetID = F023EF681DC924AB008C8AE5;
					};
				};
			};
			buildConfigurationList = F023EF641DC924AB008C8AE5 /* Build configuration list for PBXProject "U O ME" */;
			compatibilityVersion = "Xcode 3.2";
			developmentRegion = English;
			hasScannedForEncodings = 0;
			knownRegions = (
				en,
				Base,
			);
			mainGroup = F023EF601DC924AB008C8AE5;
			productRefGroup = F023EF6A1DC924AB008C8AE5 /* Products */;
			projectDirPath = "";
			projectRoot = "";
			targets = (
				F023EF681DC924AB008C8AE5 /* U O ME */,
				F023EF7F1DC924AB008C8AE5 /* U O METests */,
				F023EF8A1DC924AB008C8AE5 /* U O MEUITests */,
			);
		};
/* End PBXProject section */

/* Begin PBXResourcesBuildPhase section */
		F023EF671DC924AB008C8AE5 /* Resources */ = {
			isa = PBXResourcesBuildPhase;
			buildActionMask = 2147483647;
			files = (
				F0DA71481DCA6456007D1E62 /* News_TableViewCell.xib in Resources */,
				F0085DB81DD63AEE00338BC1 /* InviteAFriend_badge.png in Resources */,
				F0DA712C1DCA5CDC007D1E62 /* Images.xcassets in Resources */,
				F0DA713C1DCA5EA9007D1E62 /* profile_icon 30x30.png in Resources */,
				F0085DB91DD63AEE00338BC1 /* Level5_badge.png in Resources */,
				F0DA71421DCA635B007D1E62 /* notification_icon.png in Resources */,
				F0DA71501DCA902D007D1E62 /* Favor_TableViewCell.xib in Resources */,
				F023EF7A1DC924AB008C8AE5 /* LaunchScreen.storyboard in Resources */,
				F0DA71401DCA62E7007D1E62 /* navigation_icon.png in Resources */,
				F005EBC41DD28AEA0048857C /* MenuItem_TableViewCell.xib in Resources */,
				F0E528921DD57F1A00915DCE /* Badge_CollectionViewCell.xib in Resources */,
				F005EBCC1DD3C8810048857C /* Contact_TableViewCell.xib in Resources */,
				F005EBC01DD25A430048857C /* profile_icon  30x30.png in Resources */,
				F0DA713B1DCA5EA9007D1E62 /* favor_icon 30x30.png in Resources */,
				F0DA713A1DCA5EA9007D1E62 /* news_icon 30x30.png in Resources */,
				F005EBC61DD2A31F0048857C /* invite_icon 30x30.png in Resources */,
				F0DA71391DCA5EA9007D1E62 /* home_icon 30x30.png in Resources */,
				F0085DB71DD63AEE00338BC1 /* Consistent_badge.png in Resources */,
				F0085DBA1DD63AEE00338BC1 /* ProPic_badge.png in Resources */,
				F0E5287B1DD555F300915DCE /* UserHistory_TableViewCell.xib in Resources */,
				F023EF771DC924AB008C8AE5 /* Assets.xcassets in Resources */,
				F0085DB61DD63AEE00338BC1 /* 100Favors_badge.png in Resources */,
				F023EF721DC924AB008C8AE5 /* Main.storyboard in Resources */,
			);
			runOnlyForDeploymentPostprocessing = 0;
		};
		F023EF7E1DC924AB008C8AE5 /* Resources */ = {
			isa = PBXResourcesBuildPhase;
			buildActionMask = 2147483647;
			files = (
			);
			runOnlyForDeploymentPostprocessing = 0;
		};
		F023EF891DC924AB008C8AE5 /* Resources */ = {
			isa = PBXResourcesBuildPhase;
			buildActionMask = 2147483647;
			files = (
			);
			runOnlyForDeploymentPostprocessing = 0;
		};
/* End PBXResourcesBuildPhase section */

/* Begin PBXSourcesBuildPhase section */
		F023EF651DC924AB008C8AE5 /* Sources */ = {
			isa = PBXSourcesBuildPhase;
			buildActionMask = 2147483647;
			files = (
				F0AF6F3F1DCA3FFB0015FB3A /* SignUp_ViewController.swift in Sources */,
				F005EBBC1DD159840048857C /* SideMenuController.swift in Sources */,
				F005EBCB1DD3C8810048857C /* Contact_TableViewCell.swift in Sources */,
				F0E528971DD58F3000915DCE /* Badge.swift in Sources */,
				F0DA71521DCA9186007D1E62 /* FavorFeed_ViewController.swift in Sources */,
				F023EF6F1DC924AB008C8AE5 /* Main_ViewController.swift in Sources */,
				F076516E1DCC22C2006B52E9 /* NavigationMenu_TableViewController.swift in Sources */,
				F005EBC31DD28AEA0048857C /* MenuItem_TableViewCell.swift in Sources */,
				F005EBC81DD2B83B0048857C /* InviteContact_ViewController.swift in Sources */,
				F0E528911DD57F1A00915DCE /* Badge_CollectionViewCell.swift in Sources */,
				F023EF6D1DC924AB008C8AE5 /* AppDelegate.swift in Sources */,
				F005EBCE1DD406C60048857C /* MessageComposer.swift in Sources */,
				F0AF6F411DCA50DF0015FB3A /* NewsFeed_ViewController.swift in Sources */,
				F0DA71471DCA6456007D1E62 /* News_TableViewCell.swift in Sources */,
				F0DA714F1DCA902D007D1E62 /* Favor_TableViewCell.swift in Sources */,
				F0E5287D1DD555F300915DCE /* UserProfile_ViewController.swift in Sources */,
				F0E5287A1DD555F300915DCE /* UserHistory_TableViewCell.swift in Sources */,
				F0E5288A1DD559D400915DCE /* RequestFavor_ViewController.swift in Sources */,
				F023EF751DC924AB008C8AE5 /* U_O_ME.xcdatamodeld in Sources */,
				F0E5288C1DD57E4300915DCE /* Badges_ViewController.swift in Sources */,
				F0E528871DD556C000915DCE /* Favor.swift in Sources */,
				F005EBBA1DD12CE20048857C /* KeychainWrapper.m in Sources */,
				F0E528881DD556C000915DCE /* User.swift in Sources */,
			);
			runOnlyForDeploymentPostprocessing = 0;
		};
		F023EF7C1DC924AB008C8AE5 /* Sources */ = {
			isa = PBXSourcesBuildPhase;
			buildActionMask = 2147483647;
			files = (
				F023EF851DC924AB008C8AE5 /* U_O_METests.swift in Sources */,
			);
			runOnlyForDeploymentPostprocessing = 0;
		};
		F023EF871DC924AB008C8AE5 /* Sources */ = {
			isa = PBXSourcesBuildPhase;
			buildActionMask = 2147483647;
			files = (
				F023EF901DC924AB008C8AE5 /* U_O_MEUITests.swift in Sources */,
			);
			runOnlyForDeploymentPostprocessing = 0;
		};
/* End PBXSourcesBuildPhase section */

/* Begin PBXTargetDependency section */
		F023EF821DC924AB008C8AE5 /* PBXTargetDependency */ = {
			isa = PBXTargetDependency;
			target = F023EF681DC924AB008C8AE5 /* U O ME */;
			targetProxy = F023EF811DC924AB008C8AE5 /* PBXContainerItemProxy */;
		};
		F023EF8D1DC924AB008C8AE5 /* PBXTargetDependency */ = {
			isa = PBXTargetDependency;
			target = F023EF681DC924AB008C8AE5 /* U O ME */;
			targetProxy = F023EF8C1DC924AB008C8AE5 /* PBXContainerItemProxy */;
		};
/* End PBXTargetDependency section */

/* Begin PBXVariantGroup section */
		F023EF701DC924AB008C8AE5 /* Main.storyboard */ = {
			isa = PBXVariantGroup;
			children = (
				F023EF711DC924AB008C8AE5 /* Base */,
			);
			name = Main.storyboard;
			sourceTree = "<group>";
		};
		F023EF781DC924AB008C8AE5 /* LaunchScreen.storyboard */ = {
			isa = PBXVariantGroup;
			children = (
				F023EF791DC924AB008C8AE5 /* Base */,
			);
			name = LaunchScreen.storyboard;
			sourceTree = "<group>";
		};
/* End PBXVariantGroup section */

/* Begin XCBuildConfiguration section */
		F023EF921DC924AB008C8AE5 /* Debug */ = {
			isa = XCBuildConfiguration;
			buildSettings = {
				ALWAYS_SEARCH_USER_PATHS = NO;
				CLANG_ANALYZER_NONNULL = YES;
				CLANG_CXX_LANGUAGE_STANDARD = "gnu++0x";
				CLANG_CXX_LIBRARY = "libc++";
				CLANG_ENABLE_MODULES = YES;
				CLANG_ENABLE_OBJC_ARC = YES;
				CLANG_WARN_BOOL_CONVERSION = YES;
				CLANG_WARN_CONSTANT_CONVERSION = YES;
				CLANG_WARN_DIRECT_OBJC_ISA_USAGE = YES_ERROR;
				CLANG_WARN_EMPTY_BODY = YES;
				CLANG_WARN_ENUM_CONVERSION = YES;
				CLANG_WARN_INT_CONVERSION = YES;
				CLANG_WARN_OBJC_ROOT_CLASS = YES_ERROR;
				CLANG_WARN_UNREACHABLE_CODE = YES;
				CLANG_WARN__DUPLICATE_METHOD_MATCH = YES;
				"CODE_SIGN_IDENTITY[sdk=iphoneos*]" = "iPhone Developer";
				COPY_PHASE_STRIP = NO;
				DEBUG_INFORMATION_FORMAT = dwarf;
				ENABLE_STRICT_OBJC_MSGSEND = YES;
				ENABLE_TESTABILITY = YES;
				GCC_C_LANGUAGE_STANDARD = gnu99;
				GCC_DYNAMIC_NO_PIC = NO;
				GCC_NO_COMMON_BLOCKS = YES;
				GCC_OPTIMIZATION_LEVEL = 0;
				GCC_PREPROCESSOR_DEFINITIONS = (
					"DEBUG=1",
					"$(inherited)",
				);
				GCC_WARN_64_TO_32_BIT_CONVERSION = YES;
				GCC_WARN_ABOUT_RETURN_TYPE = YES_ERROR;
				GCC_WARN_UNDECLARED_SELECTOR = YES;
				GCC_WARN_UNINITIALIZED_AUTOS = YES_AGGRESSIVE;
				GCC_WARN_UNUSED_FUNCTION = YES;
				GCC_WARN_UNUSED_VARIABLE = YES;
				IPHONEOS_DEPLOYMENT_TARGET = 9.3;
				MTL_ENABLE_DEBUG_INFO = YES;
				ONLY_ACTIVE_ARCH = YES;
				SDKROOT = iphoneos;
				SWIFT_OPTIMIZATION_LEVEL = "-Onone";
			};
			name = Debug;
		};
		F023EF931DC924AB008C8AE5 /* Release */ = {
			isa = XCBuildConfiguration;
			buildSettings = {
				ALWAYS_SEARCH_USER_PATHS = NO;
				CLANG_ANALYZER_NONNULL = YES;
				CLANG_CXX_LANGUAGE_STANDARD = "gnu++0x";
				CLANG_CXX_LIBRARY = "libc++";
				CLANG_ENABLE_MODULES = YES;
				CLANG_ENABLE_OBJC_ARC = YES;
				CLANG_WARN_BOOL_CONVERSION = YES;
				CLANG_WARN_CONSTANT_CONVERSION = YES;
				CLANG_WARN_DIRECT_OBJC_ISA_USAGE = YES_ERROR;
				CLANG_WARN_EMPTY_BODY = YES;
				CLANG_WARN_ENUM_CONVERSION = YES;
				CLANG_WARN_INT_CONVERSION = YES;
				CLANG_WARN_OBJC_ROOT_CLASS = YES_ERROR;
				CLANG_WARN_UNREACHABLE_CODE = YES;
				CLANG_WARN__DUPLICATE_METHOD_MATCH = YES;
				"CODE_SIGN_IDENTITY[sdk=iphoneos*]" = "iPhone Developer";
				COPY_PHASE_STRIP = NO;
				DEBUG_INFORMATION_FORMAT = "dwarf-with-dsym";
				ENABLE_NS_ASSERTIONS = NO;
				ENABLE_STRICT_OBJC_MSGSEND = YES;
				GCC_C_LANGUAGE_STANDARD = gnu99;
				GCC_NO_COMMON_BLOCKS = YES;
				GCC_WARN_64_TO_32_BIT_CONVERSION = YES;
				GCC_WARN_ABOUT_RETURN_TYPE = YES_ERROR;
				GCC_WARN_UNDECLARED_SELECTOR = YES;
				GCC_WARN_UNINITIALIZED_AUTOS = YES_AGGRESSIVE;
				GCC_WARN_UNUSED_FUNCTION = YES;
				GCC_WARN_UNUSED_VARIABLE = YES;
				IPHONEOS_DEPLOYMENT_TARGET = 9.3;
				MTL_ENABLE_DEBUG_INFO = NO;
				SDKROOT = iphoneos;
				VALIDATE_PRODUCT = YES;
			};
			name = Release;
		};
		F023EF951DC924AB008C8AE5 /* Debug */ = {
			isa = XCBuildConfiguration;
			buildSettings = {
				ASSETCATALOG_COMPILER_APPICON_NAME = AppIcon;
				CLANG_ENABLE_MODULES = YES;
				CODE_SIGN_ENTITLEMENTS = "U O ME/U O ME.entitlements";
				CODE_SIGN_IDENTITY = "iPhone Developer";
				"CODE_SIGN_IDENTITY[sdk=iphoneos*]" = "iPhone Developer";
				INFOPLIST_FILE = "U O ME/Info.plist";
				LD_RUNPATH_SEARCH_PATHS = "$(inherited) @executable_path/Frameworks";
				PRODUCT_BUNDLE_IDENTIFIER = "CWRS242.U-O-ME";
				PRODUCT_NAME = "$(TARGET_NAME)";
				PROVISIONING_PROFILE = "";
				SWIFT_OBJC_BRIDGING_HEADER = "U O ME/U O ME-Bridging-Header.h";
				SWIFT_OPTIMIZATION_LEVEL = "-Onone";
				SWIFT_VERSION = 3.0;
			};
			name = Debug;
		};
		F023EF961DC924AB008C8AE5 /* Release */ = {
			isa = XCBuildConfiguration;
			buildSettings = {
				ASSETCATALOG_COMPILER_APPICON_NAME = AppIcon;
				CLANG_ENABLE_MODULES = YES;
				CODE_SIGN_ENTITLEMENTS = "U O ME/U O ME.entitlements";
				CODE_SIGN_IDENTITY = "iPhone Developer";
				"CODE_SIGN_IDENTITY[sdk=iphoneos*]" = "iPhone Developer";
				INFOPLIST_FILE = "U O ME/Info.plist";
				LD_RUNPATH_SEARCH_PATHS = "$(inherited) @executable_path/Frameworks";
				PRODUCT_BUNDLE_IDENTIFIER = "CWRS242.U-O-ME";
				PRODUCT_NAME = "$(TARGET_NAME)";
				PROVISIONING_PROFILE = "";
				SWIFT_OBJC_BRIDGING_HEADER = "U O ME/U O ME-Bridging-Header.h";
				SWIFT_VERSION = 3.0;
			};
			name = Release;
		};
		F023EF981DC924AB008C8AE5 /* Debug */ = {
			isa = XCBuildConfiguration;
			buildSettings = {
				BUNDLE_LOADER = "$(TEST_HOST)";
				INFOPLIST_FILE = "U O METests/Info.plist";
				LD_RUNPATH_SEARCH_PATHS = "$(inherited) @executable_path/Frameworks @loader_path/Frameworks";
				PRODUCT_BUNDLE_IDENTIFIER = "CWRS242.U-O-METests";
				PRODUCT_NAME = "$(TARGET_NAME)";
				SWIFT_VERSION = 3.0;
				TEST_HOST = "$(BUILT_PRODUCTS_DIR)/U O ME.app/U O ME";
			};
			name = Debug;
		};
		F023EF991DC924AB008C8AE5 /* Release */ = {
			isa = XCBuildConfiguration;
			buildSettings = {
				BUNDLE_LOADER = "$(TEST_HOST)";
				INFOPLIST_FILE = "U O METests/Info.plist";
				LD_RUNPATH_SEARCH_PATHS = "$(inherited) @executable_path/Frameworks @loader_path/Frameworks";
				PRODUCT_BUNDLE_IDENTIFIER = "CWRS242.U-O-METests";
				PRODUCT_NAME = "$(TARGET_NAME)";
				SWIFT_VERSION = 3.0;
				TEST_HOST = "$(BUILT_PRODUCTS_DIR)/U O ME.app/U O ME";
			};
			name = Release;
		};
		F023EF9B1DC924AB008C8AE5 /* Debug */ = {
			isa = XCBuildConfiguration;
			buildSettings = {
				INFOPLIST_FILE = "U O MEUITests/Info.plist";
				LD_RUNPATH_SEARCH_PATHS = "$(inherited) @executable_path/Frameworks @loader_path/Frameworks";
				PRODUCT_BUNDLE_IDENTIFIER = "CWRS242.U-O-MEUITests";
				PRODUCT_NAME = "$(TARGET_NAME)";
				SWIFT_VERSION = 3.0;
				TEST_TARGET_NAME = "U O ME";
			};
			name = Debug;
		};
		F023EF9C1DC924AB008C8AE5 /* Release */ = {
			isa = XCBuildConfiguration;
			buildSettings = {
				INFOPLIST_FILE = "U O MEUITests/Info.plist";
				LD_RUNPATH_SEARCH_PATHS = "$(inherited) @executable_path/Frameworks @loader_path/Frameworks";
				PRODUCT_BUNDLE_IDENTIFIER = "CWRS242.U-O-MEUITests";
				PRODUCT_NAME = "$(TARGET_NAME)";
				SWIFT_VERSION = 3.0;
				TEST_TARGET_NAME = "U O ME";
			};
			name = Release;
		};
/* End XCBuildConfiguration section */

/* Begin XCConfigurationList section */
		F023EF641DC924AB008C8AE5 /* Build configuration list for PBXProject "U O ME" */ = {
			isa = XCConfigurationList;
			buildConfigurations = (
				F023EF921DC924AB008C8AE5 /* Debug */,
				F023EF931DC924AB008C8AE5 /* Release */,
			);
			defaultConfigurationIsVisible = 0;
			defaultConfigurationName = Release;
		};
		F023EF941DC924AB008C8AE5 /* Build configuration list for PBXNativeTarget "U O ME" */ = {
			isa = XCConfigurationList;
			buildConfigurations = (
				F023EF951DC924AB008C8AE5 /* Debug */,
				F023EF961DC924AB008C8AE5 /* Release */,
			);
			defaultConfigurationIsVisible = 0;
			defaultConfigurationName = Release;
		};
		F023EF971DC924AB008C8AE5 /* Build configuration list for PBXNativeTarget "U O METests" */ = {
			isa = XCConfigurationList;
			buildConfigurations = (
				F023EF981DC924AB008C8AE5 /* Debug */,
				F023EF991DC924AB008C8AE5 /* Release */,
			);
			defaultConfigurationIsVisible = 0;
			defaultConfigurationName = Release;
		};
		F023EF9A1DC924AB008C8AE5 /* Build configuration list for PBXNativeTarget "U O MEUITests" */ = {
			isa = XCConfigurationList;
			buildConfigurations = (
				F023EF9B1DC924AB008C8AE5 /* Debug */,
				F023EF9C1DC924AB008C8AE5 /* Release */,
			);
			defaultConfigurationIsVisible = 0;
			defaultConfigurationName = Release;
		};
/* End XCConfigurationList section */

/* Begin XCVersionGroup section */
		F023EF731DC924AB008C8AE5 /* U_O_ME.xcdatamodeld */ = {
			isa = XCVersionGroup;
			children = (
				F023EF741DC924AB008C8AE5 /* U_O_ME.xcdatamodel */,
			);
			currentVersion = F023EF741DC924AB008C8AE5 /* U_O_ME.xcdatamodel */;
			path = U_O_ME.xcdatamodeld;
			sourceTree = "<group>";
			versionGroupType = wrapper.xcdatamodel;
		};
/* End XCVersionGroup section */
	};
	rootObject = F023EF611DC924AB008C8AE5 /* Project object */;
}
